<?xml version="1.0" encoding="utf-8"?>
<Project ToolsVersion="4.0" xmlns="http://schemas.microsoft.com/developer/msbuild/2003">
  <ItemGroup>
    <ClCompile Include="pch.cpp" />
    <ClCompile Include="OrderMessages.cpp">
      <Filter>Wire</Filter>
    </ClCompile>
    <ClCompile Include="Orders.cpp">
      <Filter>Orders</Filter>
    </ClCompile>
    <ClCompile Include="Validate.cpp">
      <Filter>Orders</Filter>
    </ClCompile>
    <ClCompile Include="Eta.cpp">
      <Filter>Orders</Filter>
    </ClCompile>
    <ClCompile Include="Formation.cpp">
      <Filter>Formation</Filter>
    </ClCompile>
    <ClCompile Include="ShipClass.cpp">
      <Filter>World</Filter>
    </ClCompile>
    <ClCompile Include="ReplicatedView.cpp">
      <Filter>Wire</Filter>
    </ClCompile>
    <ClCompile Include="Snapshot.cpp">
      <Filter>Wire</Filter>
    </ClCompile>
    <ClCompile Include="World.cpp">
      <Filter>World</Filter>
    </ClCompile>
    <ClCompile Include="WorldRegistry.cpp">
      <Filter>World</Filter>
    </ClCompile>
    <ClCompile Include="WorldOrders.cpp">
      <Filter>Orders</Filter>
    </ClCompile>
    <ClCompile Include="WorldHash.cpp">
      <Filter>World</Filter>
    </ClCompile>
    <ClCompile Include="Universe.cpp">
      <Filter>Universe</Filter>
    </ClCompile>
    <ClCompile Include="UniverseGen.cpp">
      <Filter>Universe</Filter>
    </ClCompile>
    <ClCompile Include="UniverseParse.cpp">
      <Filter>Universe</Filter>
    </ClCompile>
  </ItemGroup>
  <ItemGroup>
    <ClInclude Include="pch.h" />
    <ClInclude Include="Ids.h">
      <Filter>World</Filter>
    </ClInclude>
    <ClInclude Include="OrderMessages.h">
      <Filter>Wire</Filter>
    </ClInclude>
    <ClInclude Include="Orders.h">
      <Filter>Orders</Filter>
    </ClInclude>
    <ClInclude Include="Validate.h">
      <Filter>Orders</Filter>
    </ClInclude>
    <ClInclude Include="Eta.h">
      <Filter>Orders</Filter>
    </ClInclude>
    <ClInclude Include="Formation.h">
      <Filter>Formation</Filter>
    </ClInclude>
    <ClInclude Include="ShipClass.h">
      <Filter>World</Filter>
    </ClInclude>
    <ClInclude Include="ReplicatedView.h">
      <Filter>Wire</Filter>
    </ClInclude>
    <ClInclude Include="SchemaHash.h">
      <Filter>Wire</Filter>
    </ClInclude>
    <ClInclude Include="Snapshot.h">
      <Filter>Wire</Filter>
    </ClInclude>
    <ClInclude Include="World.h">
      <Filter>World</Filter>
    </ClInclude>
    <ClInclude Include="Transfer.h">
      <Filter>World</Filter>
    </ClInclude>
    <ClInclude Include="WorldRegistry.h">
      <Filter>World</Filter>
    </ClInclude>
    <ClInclude Include="WorldHash.h">
      <Filter>World</Filter>
    </ClInclude>
    <ClInclude Include="Universe.h">
      <Filter>Universe</Filter>
    </ClInclude>
    <ClInclude Include="UniverseGen.h">
      <Filter>Universe</Filter>
    </ClInclude>
    <ClInclude Include="UniverseParse.h">
      <Filter>Universe</Filter>
    </ClInclude>
  </ItemGroup>
  <ItemGroup>
    <Filter Include="World">
      <UniqueIdentifier>{3f6b1c40-9d27-4a58-8b0e-2c7415d9e8a3}</UniqueIdentifier>
    </Filter>
    <Filter Include="Orders">
      <UniqueIdentifier>{2b7f1a90-5d3c-4a68-9f21-6c4e8b0d7a35}</UniqueIdentifier>
    </Filter>
    <Filter Include="Formation">
      <UniqueIdentifier>{c14d6e82-9a07-4b53-8d6f-1e2a45b9c308}</UniqueIdentifier>
    </Filter>
    <Filter Include="Wire">
      <UniqueIdentifier>{7c1a94e2-5b36-4d08-9f21-0ae63c85d417}</UniqueIdentifier>
    </Filter>
    <Filter Include="Universe">
      <UniqueIdentifier>{b8e2074d-51ca-4f36-97a1-6d0e3b82fc19}</UniqueIdentifier>
    </Filter>
    <Filter Include="Project Files">
      <UniqueIdentifier>{82cd3cec-43b8-470b-bcd8-733fcb751dea}</UniqueIdentifier>
    </Filter>
  </ItemGroup>
  <ItemGroup>
    <None Include="packages.config">
      <Filter>Project Files</Filter>
    </None>
  </ItemGroup>
</Project>