<?xml version="1.0" encoding="utf-8"?>
<Project ToolsVersion="4.0" xmlns="http://schemas.microsoft.com/developer/msbuild/2003">
  <ItemGroup>
    <ClCompile Include="pch.cpp" />
    <ClCompile Include="ApproachChain.cpp">
      <Filter>Input</Filter>
    </ClCompile>
    <ClCompile Include="EntityTransits.cpp">
      <Filter>Extract</Filter>
    </ClCompile>
    <ClCompile Include="AudioDevice.cpp">
      <Filter>Audio</Filter>
    </ClCompile>
    <ClCompile Include="AudioListener.cpp">
      <Filter>Audio</Filter>
    </ClCompile>
    <ClCompile Include="SoundBank.cpp">
      <Filter>Audio</Filter>
    </ClCompile>
    <ClCompile Include="VoicePool.cpp">
      <Filter>Audio</Filter>
    </ClCompile>
    <ClCompile Include="WavClip.cpp">
      <Filter>Audio</Filter>
    </ClCompile>
    <ClCompile Include="ClearColour.cpp">
      <Filter>App</Filter>
    </ClCompile>
    <ClCompile Include="ClientConnection.cpp">
      <Filter>App</Filter>
    </ClCompile>
    <ClCompile Include="DeltaReceiver.cpp">
      <Filter>App</Filter>
    </ClCompile>
    <ClCompile Include="ClientApp.cpp">
      <Filter>App</Filter>
    </ClCompile>
    <ClCompile Include="Window.cpp">
      <Filter>App</Filter>
    </ClCompile>
    <ClCompile Include="GpuDevice.cpp">
      <Filter>Gpu</Filter>
    </ClCompile>
    <ClCompile Include="GpuSwapChain.cpp">
      <Filter>Gpu</Filter>
    </ClCompile>
    <ClCompile Include="GlyphAtlas.cpp">
      <Filter>Assets</Filter>
    </ClCompile>
    <ClCompile Include="GpuLamps.cpp">
      <Filter>Gpu</Filter>
    </ClCompile>
    <ClCompile Include="GpuMeshes.cpp">
      <Filter>Gpu</Filter>
    </ClCompile>
    <ClCompile Include="GpuNebula.cpp">
      <Filter>Gpu</Filter>
    </ClCompile>
    <ClCompile Include="GpuPasses.cpp">
      <Filter>Gpu\Passes</Filter>
    </ClCompile>
    <ClCompile Include="GpuPipelines.cpp">
      <Filter>Gpu</Filter>
    </ClCompile>
    <ClCompile Include="GpuUploadRing.cpp">
      <Filter>Gpu</Filter>
    </ClCompile>
    <ClCompile Include="Gesture.cpp">
      <Filter>Input</Filter>
    </ClCompile>
    <ClCompile Include="InputMap.cpp">
      <Filter>Input</Filter>
    </ClCompile>
    <ClCompile Include="InputRouter.cpp">
      <Filter>Input</Filter>
    </ClCompile>
    <ClCompile Include="SurfaceStack.cpp">
      <Filter>App</Filter>
    </ClCompile>
    <ClCompile Include="TextEditState.cpp">
      <Filter>Input</Filter>
    </ClCompile>
    <ClCompile Include="UiScrollState.cpp">
      <Filter>Hud</Filter>
    </ClCompile>
    <ClCompile Include="IsoCamera.cpp">
      <Filter>Camera</Filter>
    </ClCompile>
    <ClCompile Include="NebulaField.cpp">
      <Filter>Assets</Filter>
    </ClCompile>
    <ClCompile Include="Picking.cpp">
      <Filter>Input</Filter>
    </ClCompile>
    <ClCompile Include="OrderPuck.cpp">
      <Filter>Input</Filter>
    </ClCompile>
    <ClCompile Include="OrderGhost.cpp">
      <Filter>Extract</Filter>
    </ClCompile>
    <ClCompile Include="CommandRow.cpp">
      <Filter>Hud</Filter>
    </ClCompile>
    <ClCompile Include="GhostLane.cpp">
      <Filter>Hud</Filter>
    </ClCompile>
    <ClCompile Include="ToastStack.cpp">
      <Filter>Hud</Filter>
    </ClCompile>
    <ClCompile Include="DebugStrip.cpp">
      <Filter>Hud</Filter>
    </ClCompile>
    <ClCompile Include="UiDrawList.cpp">
      <Filter>Hud</Filter>
    </ClCompile>
    <ClCompile Include="UiLayout.cpp">
      <Filter>Hud</Filter>
    </ClCompile>
    <ClCompile Include="Selection.cpp">
      <Filter>Input</Filter>
    </ClCompile>
    <ClCompile Include="OverlayMark.cpp">
      <Filter>Extract</Filter>
    </ClCompile>
    <ClCompile Include="ObjMesh.cpp">
      <Filter>Assets</Filter>
    </ClCompile>
    <ClCompile Include="SignalLamp.cpp">
      <Filter>Assets</Filter>
    </ClCompile>
    <ClCompile Include="RenderWorld.cpp">
      <Filter>Extract</Filter>
    </ClCompile>
    <ClCompile Include="SnapshotBuffer.cpp">
      <Filter>Extract</Filter>
    </ClCompile>
  </ItemGroup>
  <ItemGroup>
    <ClInclude Include="pch.h" />
    <ClInclude Include="ApproachChain.h">
      <Filter>Input</Filter>
    </ClInclude>
    <ClInclude Include="AutoFollow.h">
      <Filter>Extract</Filter>
    </ClInclude>
    <ClInclude Include="EntityTransits.h">
      <Filter>Extract</Filter>
    </ClInclude>
    <ClInclude Include="AudioDevice.h">
      <Filter>Audio</Filter>
    </ClInclude>
    <ClInclude Include="AudioListener.h">
      <Filter>Audio</Filter>
    </ClInclude>
    <ClInclude Include="SoundBank.h">
      <Filter>Audio</Filter>
    </ClInclude>
    <ClInclude Include="VoicePool.h">
      <Filter>Audio</Filter>
    </ClInclude>
    <ClInclude Include="WavClip.h">
      <Filter>Audio</Filter>
    </ClInclude>
    <ClInclude Include="ClearColour.h">
      <Filter>App</Filter>
    </ClInclude>
    <ClInclude Include="ClientConnection.h">
      <Filter>App</Filter>
    </ClInclude>
    <ClInclude Include="DeltaReceiver.h">
      <Filter>App</Filter>
    </ClInclude>
    <ClInclude Include="ClientApp.h">
      <Filter>App</Filter>
    </ClInclude>
    <ClInclude Include="ClientConfig.h">
      <Filter>App</Filter>
    </ClInclude>
    <ClInclude Include="WorldView.h">
      <Filter>App</Filter>
    </ClInclude>
    <ClInclude Include="SnapshotBuffer.h">
      <Filter>Extract</Filter>
    </ClInclude>
    <ClInclude Include="Window.h">
      <Filter>App</Filter>
    </ClInclude>
    <ClInclude Include="GpuCom.h">
      <Filter>Gpu</Filter>
    </ClInclude>
    <ClInclude Include="GpuDevice.h">
      <Filter>Gpu</Filter>
    </ClInclude>
    <ClInclude Include="GpuSwapChain.h">
      <Filter>Gpu</Filter>
    </ClInclude>
    <ClInclude Include="GlyphAtlas.h">
      <Filter>Assets</Filter>
    </ClInclude>
    <ClInclude Include="GpuLamps.h">
      <Filter>Gpu</Filter>
    </ClInclude>
    <ClInclude Include="GpuMeshes.h">
      <Filter>Gpu</Filter>
    </ClInclude>
    <ClInclude Include="GpuNebula.h">
      <Filter>Gpu</Filter>
    </ClInclude>
    <ClInclude Include="GpuPasses.h">
      <Filter>Gpu\Passes</Filter>
    </ClInclude>
    <ClInclude Include="GpuPipelines.h">
      <Filter>Gpu</Filter>
    </ClInclude>
    <ClInclude Include="GpuUploadRing.h">
      <Filter>Gpu</Filter>
    </ClInclude>
    <ClInclude Include="Gesture.h">
      <Filter>Input</Filter>
    </ClInclude>
    <ClInclude Include="InputMap.h">
      <Filter>Input</Filter>
    </ClInclude>
    <ClInclude Include="InputRouter.h">
      <Filter>Input</Filter>
    </ClInclude>
    <ClInclude Include="SurfaceStack.h">
      <Filter>App</Filter>
    </ClInclude>
    <ClInclude Include="TextEditState.h">
      <Filter>Input</Filter>
    </ClInclude>
    <ClInclude Include="UiFocus.h">
      <Filter>Input</Filter>
    </ClInclude>
    <ClInclude Include="UiScrollState.h">
      <Filter>Hud</Filter>
    </ClInclude>
    <ClInclude Include="IsoCamera.h">
      <Filter>Camera</Filter>
    </ClInclude>
    <ClInclude Include="NebulaField.h">
      <Filter>Assets</Filter>
    </ClInclude>
    <ClInclude Include="Picking.h">
      <Filter>Input</Filter>
    </ClInclude>
    <ClInclude Include="OrderPuck.h">
      <Filter>Input</Filter>
    </ClInclude>
    <ClInclude Include="OrderGhost.h">
      <Filter>Extract</Filter>
    </ClInclude>
    <ClInclude Include="CommandRow.h">
      <Filter>Hud</Filter>
    </ClInclude>
    <ClInclude Include="GhostLane.h">
      <Filter>Hud</Filter>
    </ClInclude>
    <ClInclude Include="HudPalette.h">
      <Filter>Hud</Filter>
    </ClInclude>
    <ClInclude Include="HudRoster.h">
      <Filter>Hud</Filter>
    </ClInclude>
    <ClInclude Include="StationView.h">
      <Filter>Hud</Filter>
    </ClInclude>
    <ClInclude Include="StationScreen.h">
      <Filter>Hud</Filter>
    </ClInclude>
    <ClCompile Include="StationScreen.cpp">
      <Filter>Hud</Filter>
    </ClCompile>
    <ClInclude Include="SettingsScreen.h">
      <Filter>Hud</Filter>
    </ClInclude>
    <ClCompile Include="SettingsScreen.cpp">
      <Filter>Hud</Filter>
    </ClCompile>
    <ClInclude Include="ContrastAudit.h">
      <Filter>Hud</Filter>
    </ClInclude>
    <ClCompile Include="ContrastAudit.cpp">
      <Filter>Hud</Filter>
    </ClCompile>
    <ClInclude Include="CountedChip.h">
      <Filter>Hud</Filter>
    </ClInclude>
    <ClCompile Include="CountedChip.cpp">
      <Filter>Hud</Filter>
    </ClCompile>
    <ClInclude Include="RosterSelection.h">
      <Filter>Input</Filter>
    </ClInclude>
    <ClCompile Include="RosterSelection.cpp">
      <Filter>Input</Filter>
    </ClCompile>
    <ClCompile Include="HudRoster.cpp">
      <Filter>Hud</Filter>
    </ClCompile>
    <ClInclude Include="ToastStack.h">
      <Filter>Hud</Filter>
    </ClInclude>
    <ClInclude Include="DebugStrip.h">
      <Filter>Hud</Filter>
    </ClInclude>
    <ClInclude Include="UiDrawList.h">
      <Filter>Hud</Filter>
    </ClInclude>
    <ClInclude Include="UploadBudget.h">
      <Filter>Gpu</Filter>
    </ClInclude>
    <ClInclude Include="UiLayout.h">
      <Filter>Hud</Filter>
    </ClInclude>
    <ClInclude Include="Selection.h">
      <Filter>Input</Filter>
    </ClInclude>
    <ClInclude Include="OverlayMark.h">
      <Filter>Extract</Filter>
    </ClInclude>
    <ClInclude Include="ObjMesh.h">
      <Filter>Assets</Filter>
    </ClInclude>
    <ClInclude Include="SignalLamp.h">
      <Filter>Assets</Filter>
    </ClInclude>
    <ClInclude Include="RenderWorld.h">
      <Filter>Extract</Filter>
    </ClInclude>
    <ClInclude Include="NeuronClient.h" />
    <ClInclude Include="DirectXHelper.h" />
  </ItemGroup>
  <ItemGroup>
    <Filter Include="Audio">
      <UniqueIdentifier>{2f8b41d6-7c05-4e39-9a1b-6d47e0c85f22}</UniqueIdentifier>
    </Filter>
    <Filter Include="App">
      <UniqueIdentifier>{6c656858-d46f-4fe8-8cd4-7db269133d8c}</UniqueIdentifier>
    </Filter>
    <Filter Include="Gpu">
      <UniqueIdentifier>{806ef438-7fec-40ef-b419-96b0e5ddb4e8}</UniqueIdentifier>
    </Filter>
    <Filter Include="Extract">
      <UniqueIdentifier>{a2f4b0c1-6d3e-4b7a-9c58-1e0f2a7d4b31}</UniqueIdentifier>
    </Filter>
    <Filter Include="Assets">
      <UniqueIdentifier>{c73d5e28-8b41-4f96-a0d7-52c9e6b13f84}</UniqueIdentifier>
    </Filter>
    <Filter Include="Camera">
      <UniqueIdentifier>{4e91a7c6-2fb8-4d05-8e3a-6b7c0d19f52e}</UniqueIdentifier>
    </Filter>
    <Filter Include="Input">
      <UniqueIdentifier>{9b06c3d7-51e4-4a28-b7f9-3d8e0a4c61b7}</UniqueIdentifier>
    </Filter>
    <Filter Include="Hud">
      <UniqueIdentifier>{7a2d5f18-93c4-4b6e-a0f7-52c81d4e9b03}</UniqueIdentifier>
    </Filter>
    <Filter Include="Gpu\Passes">
      <UniqueIdentifier>{f18a4d92-7c60-4e3b-95ad-0b26c8e7f341}</UniqueIdentifier>
    </Filter>
    <Filter Include="Project Files">
      <UniqueIdentifier>{94ec7fe9-4de9-4296-9b13-285350279a6b}</UniqueIdentifier>
    </Filter>
  </ItemGroup>
  <ItemGroup>
    <None Include="packages.config">
      <Filter>Project Files</Filter>
    </None>
  </ItemGroup>
</Project>