<?xml version="1.0" encoding="utf-8"?>
<Project ToolsVersion="4.0" xmlns="http://schemas.microsoft.com/developer/msbuild/2003">
  <ItemGroup>
    <ClCompile Include="pch.cpp" />
    <ClCompile Include="ServerHost.cpp">
      <Filter>Host</Filter>
    </ClCompile>
    <ClCompile Include="SnapshotSender.cpp">
      <Filter>Replication</Filter>
    </ClCompile>
    <ClCompile Include="DurableStore.cpp">
      <Filter>Persistence</Filter>
    </ClCompile>
  </ItemGroup>
  <ItemGroup>
    <ClInclude Include="pch.h" />
    <ClInclude Include="ServerHost.h">
      <Filter>Host</Filter>
    </ClInclude>
    <ClInclude Include="ServerConfig.h">
      <Filter>Host</Filter>
    </ClInclude>
    <ClInclude Include="Simulation.h">
      <Filter>Seam</Filter>
    </ClInclude>
    <ClInclude Include="SnapshotSender.h">
      <Filter>Replication</Filter>
    </ClInclude>
    <ClInclude Include="DurableStore.h">
      <Filter>Persistence</Filter>
    </ClInclude>
    <ClInclude Include="NeuronServer.h" />
  </ItemGroup>
  <ItemGroup>
    <Filter Include="Persistence">
      <UniqueIdentifier>{9b3e7c14-6a52-4f80-95d3-0c78e4b1af26}</UniqueIdentifier>
    </Filter>
    <Filter Include="Host">
      <UniqueIdentifier>{dc166e8a-49b3-46b5-81aa-aa0e5e998c25}</UniqueIdentifier>
    </Filter>
    <Filter Include="Seam">
      <UniqueIdentifier>{c9aaed31-cd05-4fb0-bb12-827d86fc4015}</UniqueIdentifier>
    </Filter>
    <Filter Include="Replication">
      <UniqueIdentifier>{1f7c2b64-5d3e-4a91-9c08-6be4d2a7f350}</UniqueIdentifier>
    </Filter>
    <Filter Include="Project Files">
      <UniqueIdentifier>{5d1335cd-641b-4838-927e-4b9a58d9ed42}</UniqueIdentifier>
    </Filter>
  </ItemGroup>
  <ItemGroup>
    <None Include="packages.config">
      <Filter>Project Files</Filter>
    </None>
  </ItemGroup>
</Project>