<?xml version="1.0" encoding="utf-8"?>
<Project ToolsVersion="4.0" xmlns="http://schemas.microsoft.com/developer/msbuild/2003">
  <ItemGroup>
    <FxCompile Include="Shaders\NebulaPS.hlsl">
      <Filter>Shaders</Filter>
    </FxCompile>
    <FxCompile Include="Shaders\NebulaVS.hlsl">
      <Filter>Shaders</Filter>
    </FxCompile>
    <FxCompile Include="Shaders\OpaquePS.hlsl">
      <Filter>Shaders</Filter>
    </FxCompile>
    <FxCompile Include="Shaders\OpaqueVS.hlsl">
      <Filter>Shaders</Filter>
    </FxCompile>
  </ItemGroup>
  <ItemGroup>
    <ClCompile Include="pch.cpp" />
    <ClCompile Include="AppConfig.cpp" />
    <ClCompile Include="ConfigLoad.cpp" />
    <ClCompile Include="ReplicatedWorldView.cpp" />
    <ClCompile Include="ShaderTable.cpp" />
    <ClCompile Include="UniverseLoad.cpp" />
    <ClCompile Include="Main.cpp" />
    <ClCompile Include="SelfTest.cpp" />
  </ItemGroup>
  <ItemGroup>
    <ClInclude Include="pch.h" />
    <ClInclude Include="AppConfig.h" />
    <ClInclude Include="ConfigLoad.h" />
    <ClInclude Include="ReplicatedWorldView.h" />
    <ClInclude Include="ShaderTable.h" />
    <ClInclude Include="UniverseLoad.h" />
    <ClInclude Include="SelfTest.h" />
  </ItemGroup>
  <ItemGroup>
    <None Include="packages.config" />
    <None Include="Shaders\PassConstants.hlsli" />
    <None Include="Shaders\Nebula.hlsli">
      <Filter>Shaders</Filter>
    </None>
    <None Include="Shaders\Opaque.hlsli">
      <Filter>Shaders</Filter>
    </None>
  </ItemGroup>
  <ItemGroup>
    <Filter Include="Shaders">
      <UniqueIdentifier>{2da60747-b34e-420c-9d18-88f545fbf9ea}</UniqueIdentifier>
    </Filter>
  </ItemGroup>
</Project>